{
  "name": "cm-anvato",
  "version": "2.2.0",
  "lockfileVersion": 1,
  "dependencies": {
    "jquery": {
      "version": "https://registry.npmjs.org/jquery/-/jquery-3.2.1.tgz",
      "integrity": "sha1-XE2d5lKvbNCncBVKYxu6ErAVx4c="
    },
    "postscribe": {
      "version": "2.0.8",
      "resolved": "https://registry.npmjs.org/postscribe/-/postscribe-2.0.8.tgz",
      "integrity": "sha1-W3pTqtS2kLbC91gY/O/nRJD0ENU="
    },
    "prescribe": {
      "version": "1.1.3",
      "resolved": "https://registry.npmjs.org/prescribe/-/prescribe-1.1.3.tgz",
      "integrity": "sha1-jTEiRF8/uvTExYF+pSehf8gTnuY="
    }
  }
}
